
Microsoft Visual Studio Solution File, Format Version 12.00
# Visual Studio Version 17
VisualStudioVersion = 17.3.32804.467
MinimumVisualStudioVersion = 10.0.40219.1
Project("{2150E333-8FDC-42A3-9474-1A3956D46DE8}") = "src", "src", "{B85B5FC0-35B4-44AE-9C62-C836D21B18EB}"
EndProject
Project("{2150E333-8FDC-42A3-9474-1A3956D46DE8}") = "services", "services", "{D90035BB-5D6A-41C6-8CFB-749350C834BC}"
EndProject
Project("{2150E333-8FDC-42A3-9474-1A3956D46DE8}") = "journey", "journey", "{47403AFF-4CFC-46EF-AC35-80F98B8A7734}"
EndProject
Project("{2150E333-8FDC-42A3-9474-1A3956D46DE8}") = "passenger", "passenger", "{C96CC6BD-12B8-4969-8619-750661B51303}"
EndProject
Project("{2150E333-8FDC-42A3-9474-1A3956D46DE8}") = "ticket", "ticket", "{A2631843-4ECD-4B30-A003-F50B7F953455}"
EndProject
Project("{2150E333-8FDC-42A3-9474-1A3956D46DE8}") = "shared", "shared", "{EA5C3848-CFDC-4B08-AE2F-EF9B57CCB3CB}"
EndProject
Project("{9A19103F-16F7-4668-BE54-9A1E7A4F7556}") = "journey.Api", "journey.Api\journey.Api.csproj", "{0939023D-894E-4DCD-B5F0-9868F3558466}"
EndProject
Project("{9A19103F-16F7-4668-BE54-9A1E7A4F7556}") = "journey.Core", "journey.Core\journey.Core.csproj", "{687EC1A0-4B60-475F-9240-F2C8C5DE3197}"
EndProject
Project("{9A19103F-16F7-4668-BE54-9A1E7A4F7556}") = "passenger.Core", "passenger.Core\passenger.Core.csproj", "{1FD4BE12-4ABD-456A-9A2E-2BF8EDB9BB69}"
EndProject
Project("{9A19103F-16F7-4668-BE54-9A1E7A4F7556}") = "journey.DataAccess", "journey.DataAccess\journey.DataAccess.csproj", "{77F07636-7022-4D35-98F5-95681A1E86A3}"
EndProject
Project("{9A19103F-16F7-4668-BE54-9A1E7A4F7556}") = "journey.ApplicationServices", "journey.ApplicationServices\journey.ApplicationServices.csproj", "{E71C2DA0-96DB-4A9B-AD77-0A52B04D9E0E}"
EndProject
Project("{9A19103F-16F7-4668-BE54-9A1E7A4F7556}") = "passenger.DataAccess", "passenger.DataAccess\passenger.DataAccess.csproj", "{BFF087C1-EE31-4002-83D0-2EDD2421051A}"
EndProject
Project("{9A19103F-16F7-4668-BE54-9A1E7A4F7556}") = "passenger.ApplicationServices", "passenger.ApplicationServices\passenger.ApplicationServices.csproj", "{C9BE889D-011D-44C1-8ACC-DE273749C350}"
EndProject
Project("{9A19103F-16F7-4668-BE54-9A1E7A4F7556}") = "passenger.Api", "passenger.Api\passenger.Api.csproj", "{085138F9-BE6A-4E8B-9566-0B5AC18504F2}"
EndProject
Project("{9A19103F-16F7-4668-BE54-9A1E7A4F7556}") = "ticket.Core", "ticket.Core\ticket.Core.csproj", "{BD231FBF-8C50-4CFD-A300-F55D060114E2}"
EndProject
Project("{9A19103F-16F7-4668-BE54-9A1E7A4F7556}") = "ticket.DataAccess", "ticket.DataAccess\ticket.DataAccess.csproj", "{72092CDC-F2DA-40C8-AECD-C9797F84393E}"
EndProject
Project("{9A19103F-16F7-4668-BE54-9A1E7A4F7556}") = "Journey.ApplicationServices.Shared", "Journey.ApplicationServices.Shared\Journey.ApplicationServices.Shared.csproj", "{FA68F7F3-CA4F-49B3-9A37-A5335CBEC348}"
EndProject
Project("{9A19103F-16F7-4668-BE54-9A1E7A4F7556}") = "Passengers.ApplicationServices.Shared", "Passengers.ApplicationServices.Shared\Passengers.ApplicationServices.Shared.csproj", "{6DBEDFCB-44A2-4A6C-9469-3468478CCE94}"
EndProject
Project("{9A19103F-16F7-4668-BE54-9A1E7A4F7556}") = "Journey.UnitTest", "Journey.UnitTest\Journey.UnitTest.csproj", "{7BE37018-2B24-43BD-A6D8-4B0F66258131}"
EndProject
Project("{9A19103F-16F7-4668-BE54-9A1E7A4F7556}") = "Passenger.UnitTest", "Passenger.UnitTest\Passenger.UnitTest.csproj", "{BD7372E4-251F-47B0-ACB1-2AE5798DF8FA}"
EndProject
Project("{FAE04EC0-301F-11D3-BF4B-00C04F79EFBC}") = "Ticket.ApplicationServices", "Ticket.ApplicationServices\Ticket.ApplicationServices.csproj", "{AB86A8B2-4976-4606-BCC3-9240FA26F882}"
EndProject
Project("{FAE04EC0-301F-11D3-BF4B-00C04F79EFBC}") = "Ticket.ApplicationServices.Shared", "Ticket.ApplicationServices.Shared\Ticket.ApplicationServices.Shared.csproj", "{761ECD1B-A485-4154-BDD9-5E1D16EFDACA}"
EndProject
Project("{FAE04EC0-301F-11D3-BF4B-00C04F79EFBC}") = "Ticket.Api", "Ticket.Api\Ticket.Api.csproj", "{AE0BB7D9-8280-4978-B287-4ECD65821508}"
EndProject
Global
	GlobalSection(SolutionConfigurationPlatforms) = preSolution
		Debug|Any CPU = Debug|Any CPU
		Release|Any CPU = Release|Any CPU
	EndGlobalSection
	GlobalSection(ProjectConfigurationPlatforms) = postSolution
		{0939023D-894E-4DCD-B5F0-9868F3558466}.Debug|Any CPU.ActiveCfg = Debug|Any CPU
		{0939023D-894E-4DCD-B5F0-9868F3558466}.Debug|Any CPU.Build.0 = Debug|Any CPU
		{0939023D-894E-4DCD-B5F0-9868F3558466}.Release|Any CPU.ActiveCfg = Release|Any CPU
		{0939023D-894E-4DCD-B5F0-9868F3558466}.Release|Any CPU.Build.0 = Release|Any CPU
		{687EC1A0-4B60-475F-9240-F2C8C5DE3197}.Debug|Any CPU.ActiveCfg = Debug|Any CPU
		{687EC1A0-4B60-475F-9240-F2C8C5DE3197}.Debug|Any CPU.Build.0 = Debug|Any CPU
		{687EC1A0-4B60-475F-9240-F2C8C5DE3197}.Release|Any CPU.ActiveCfg = Release|Any CPU
		{687EC1A0-4B60-475F-9240-F2C8C5DE3197}.Release|Any CPU.Build.0 = Release|Any CPU
		{1FD4BE12-4ABD-456A-9A2E-2BF8EDB9BB69}.Debug|Any CPU.ActiveCfg = Debug|Any CPU
		{1FD4BE12-4ABD-456A-9A2E-2BF8EDB9BB69}.Debug|Any CPU.Build.0 = Debug|Any CPU
		{1FD4BE12-4ABD-456A-9A2E-2BF8EDB9BB69}.Release|Any CPU.ActiveCfg = Release|Any CPU
		{1FD4BE12-4ABD-456A-9A2E-2BF8EDB9BB69}.Release|Any CPU.Build.0 = Release|Any CPU
		{77F07636-7022-4D35-98F5-95681A1E86A3}.Debug|Any CPU.ActiveCfg = Debug|Any CPU
		{77F07636-7022-4D35-98F5-95681A1E86A3}.Debug|Any CPU.Build.0 = Debug|Any CPU
		{77F07636-7022-4D35-98F5-95681A1E86A3}.Release|Any CPU.ActiveCfg = Release|Any CPU
		{77F07636-7022-4D35-98F5-95681A1E86A3}.Release|Any CPU.Build.0 = Release|Any CPU
		{E71C2DA0-96DB-4A9B-AD77-0A52B04D9E0E}.Debug|Any CPU.ActiveCfg = Debug|Any CPU
		{E71C2DA0-96DB-4A9B-AD77-0A52B04D9E0E}.Debug|Any CPU.Build.0 = Debug|Any CPU
		{E71C2DA0-96DB-4A9B-AD77-0A52B04D9E0E}.Release|Any CPU.ActiveCfg = Release|Any CPU
		{E71C2DA0-96DB-4A9B-AD77-0A52B04D9E0E}.Release|Any CPU.Build.0 = Release|Any CPU
		{BFF087C1-EE31-4002-83D0-2EDD2421051A}.Debug|Any CPU.ActiveCfg = Debug|Any CPU
		{BFF087C1-EE31-4002-83D0-2EDD2421051A}.Debug|Any CPU.Build.0 = Debug|Any CPU
		{BFF087C1-EE31-4002-83D0-2EDD2421051A}.Release|Any CPU.ActiveCfg = Release|Any CPU
		{BFF087C1-EE31-4002-83D0-2EDD2421051A}.Release|Any CPU.Build.0 = Release|Any CPU
		{C9BE889D-011D-44C1-8ACC-DE273749C350}.Debug|Any CPU.ActiveCfg = Debug|Any CPU
		{C9BE889D-011D-44C1-8ACC-DE273749C350}.Debug|Any CPU.Build.0 = Debug|Any CPU
		{C9BE889D-011D-44C1-8ACC-DE273749C350}.Release|Any CPU.ActiveCfg = Release|Any CPU
		{C9BE889D-011D-44C1-8ACC-DE273749C350}.Release|Any CPU.Build.0 = Release|Any CPU
		{085138F9-BE6A-4E8B-9566-0B5AC18504F2}.Debug|Any CPU.ActiveCfg = Debug|Any CPU
		{085138F9-BE6A-4E8B-9566-0B5AC18504F2}.Debug|Any CPU.Build.0 = Debug|Any CPU
		{085138F9-BE6A-4E8B-9566-0B5AC18504F2}.Release|Any CPU.ActiveCfg = Release|Any CPU
		{085138F9-BE6A-4E8B-9566-0B5AC18504F2}.Release|Any CPU.Build.0 = Release|Any CPU
		{BD231FBF-8C50-4CFD-A300-F55D060114E2}.Debug|Any CPU.ActiveCfg = Debug|Any CPU
		{BD231FBF-8C50-4CFD-A300-F55D060114E2}.Debug|Any CPU.Build.0 = Debug|Any CPU
		{BD231FBF-8C50-4CFD-A300-F55D060114E2}.Release|Any CPU.ActiveCfg = Release|Any CPU
		{BD231FBF-8C50-4CFD-A300-F55D060114E2}.Release|Any CPU.Build.0 = Release|Any CPU
		{72092CDC-F2DA-40C8-AECD-C9797F84393E}.Debug|Any CPU.ActiveCfg = Debug|Any CPU
		{72092CDC-F2DA-40C8-AECD-C9797F84393E}.Debug|Any CPU.Build.0 = Debug|Any CPU
		{72092CDC-F2DA-40C8-AECD-C9797F84393E}.Release|Any CPU.ActiveCfg = Release|Any CPU
		{72092CDC-F2DA-40C8-AECD-C9797F84393E}.Release|Any CPU.Build.0 = Release|Any CPU
		{FA68F7F3-CA4F-49B3-9A37-A5335CBEC348}.Debug|Any CPU.ActiveCfg = Debug|Any CPU
		{FA68F7F3-CA4F-49B3-9A37-A5335CBEC348}.Debug|Any CPU.Build.0 = Debug|Any CPU
		{FA68F7F3-CA4F-49B3-9A37-A5335CBEC348}.Release|Any CPU.ActiveCfg = Release|Any CPU
		{FA68F7F3-CA4F-49B3-9A37-A5335CBEC348}.Release|Any CPU.Build.0 = Release|Any CPU
		{6DBEDFCB-44A2-4A6C-9469-3468478CCE94}.Debug|Any CPU.ActiveCfg = Debug|Any CPU
		{6DBEDFCB-44A2-4A6C-9469-3468478CCE94}.Debug|Any CPU.Build.0 = Debug|Any CPU
		{6DBEDFCB-44A2-4A6C-9469-3468478CCE94}.Release|Any CPU.ActiveCfg = Release|Any CPU
		{6DBEDFCB-44A2-4A6C-9469-3468478CCE94}.Release|Any CPU.Build.0 = Release|Any CPU
		{7BE37018-2B24-43BD-A6D8-4B0F66258131}.Debug|Any CPU.ActiveCfg = Debug|Any CPU
		{7BE37018-2B24-43BD-A6D8-4B0F66258131}.Debug|Any CPU.Build.0 = Debug|Any CPU
		{7BE37018-2B24-43BD-A6D8-4B0F66258131}.Release|Any CPU.ActiveCfg = Release|Any CPU
		{7BE37018-2B24-43BD-A6D8-4B0F66258131}.Release|Any CPU.Build.0 = Release|Any CPU
		{BD7372E4-251F-47B0-ACB1-2AE5798DF8FA}.Debug|Any CPU.ActiveCfg = Debug|Any CPU
		{BD7372E4-251F-47B0-ACB1-2AE5798DF8FA}.Debug|Any CPU.Build.0 = Debug|Any CPU
		{BD7372E4-251F-47B0-ACB1-2AE5798DF8FA}.Release|Any CPU.ActiveCfg = Release|Any CPU
		{BD7372E4-251F-47B0-ACB1-2AE5798DF8FA}.Release|Any CPU.Build.0 = Release|Any CPU
		{AB86A8B2-4976-4606-BCC3-9240FA26F882}.Debug|Any CPU.ActiveCfg = Debug|Any CPU
		{AB86A8B2-4976-4606-BCC3-9240FA26F882}.Debug|Any CPU.Build.0 = Debug|Any CPU
		{AB86A8B2-4976-4606-BCC3-9240FA26F882}.Release|Any CPU.ActiveCfg = Release|Any CPU
		{AB86A8B2-4976-4606-BCC3-9240FA26F882}.Release|Any CPU.Build.0 = Release|Any CPU
		{761ECD1B-A485-4154-BDD9-5E1D16EFDACA}.Debug|Any CPU.ActiveCfg = Debug|Any CPU
		{761ECD1B-A485-4154-BDD9-5E1D16EFDACA}.Debug|Any CPU.Build.0 = Debug|Any CPU
		{761ECD1B-A485-4154-BDD9-5E1D16EFDACA}.Release|Any CPU.ActiveCfg = Release|Any CPU
		{761ECD1B-A485-4154-BDD9-5E1D16EFDACA}.Release|Any CPU.Build.0 = Release|Any CPU
		{AE0BB7D9-8280-4978-B287-4ECD65821508}.Debug|Any CPU.ActiveCfg = Debug|Any CPU
		{AE0BB7D9-8280-4978-B287-4ECD65821508}.Debug|Any CPU.Build.0 = Debug|Any CPU
		{AE0BB7D9-8280-4978-B287-4ECD65821508}.Release|Any CPU.ActiveCfg = Release|Any CPU
		{AE0BB7D9-8280-4978-B287-4ECD65821508}.Release|Any CPU.Build.0 = Release|Any CPU
	EndGlobalSection
	GlobalSection(SolutionProperties) = preSolution
		HideSolutionNode = FALSE
	EndGlobalSection
	GlobalSection(NestedProjects) = preSolution
		{D90035BB-5D6A-41C6-8CFB-749350C834BC} = {B85B5FC0-35B4-44AE-9C62-C836D21B18EB}
		{47403AFF-4CFC-46EF-AC35-80F98B8A7734} = {D90035BB-5D6A-41C6-8CFB-749350C834BC}
		{C96CC6BD-12B8-4969-8619-750661B51303} = {D90035BB-5D6A-41C6-8CFB-749350C834BC}
		{A2631843-4ECD-4B30-A003-F50B7F953455} = {D90035BB-5D6A-41C6-8CFB-749350C834BC}
		{EA5C3848-CFDC-4B08-AE2F-EF9B57CCB3CB} = {D90035BB-5D6A-41C6-8CFB-749350C834BC}
		{0939023D-894E-4DCD-B5F0-9868F3558466} = {47403AFF-4CFC-46EF-AC35-80F98B8A7734}
		{687EC1A0-4B60-475F-9240-F2C8C5DE3197} = {47403AFF-4CFC-46EF-AC35-80F98B8A7734}
		{1FD4BE12-4ABD-456A-9A2E-2BF8EDB9BB69} = {C96CC6BD-12B8-4969-8619-750661B51303}
		{77F07636-7022-4D35-98F5-95681A1E86A3} = {47403AFF-4CFC-46EF-AC35-80F98B8A7734}
		{E71C2DA0-96DB-4A9B-AD77-0A52B04D9E0E} = {47403AFF-4CFC-46EF-AC35-80F98B8A7734}
		{BFF087C1-EE31-4002-83D0-2EDD2421051A} = {C96CC6BD-12B8-4969-8619-750661B51303}
		{C9BE889D-011D-44C1-8ACC-DE273749C350} = {C96CC6BD-12B8-4969-8619-750661B51303}
		{085138F9-BE6A-4E8B-9566-0B5AC18504F2} = {C96CC6BD-12B8-4969-8619-750661B51303}
		{BD231FBF-8C50-4CFD-A300-F55D060114E2} = {A2631843-4ECD-4B30-A003-F50B7F953455}
		{72092CDC-F2DA-40C8-AECD-C9797F84393E} = {A2631843-4ECD-4B30-A003-F50B7F953455}
		{FA68F7F3-CA4F-49B3-9A37-A5335CBEC348} = {EA5C3848-CFDC-4B08-AE2F-EF9B57CCB3CB}
		{6DBEDFCB-44A2-4A6C-9469-3468478CCE94} = {EA5C3848-CFDC-4B08-AE2F-EF9B57CCB3CB}
		{7BE37018-2B24-43BD-A6D8-4B0F66258131} = {47403AFF-4CFC-46EF-AC35-80F98B8A7734}
		{BD7372E4-251F-47B0-ACB1-2AE5798DF8FA} = {C96CC6BD-12B8-4969-8619-750661B51303}
		{AB86A8B2-4976-4606-BCC3-9240FA26F882} = {A2631843-4ECD-4B30-A003-F50B7F953455}
		{761ECD1B-A485-4154-BDD9-5E1D16EFDACA} = {EA5C3848-CFDC-4B08-AE2F-EF9B57CCB3CB}
		{AE0BB7D9-8280-4978-B287-4ECD65821508} = {A2631843-4ECD-4B30-A003-F50B7F953455}
	EndGlobalSection
	GlobalSection(ExtensibilityGlobals) = postSolution
		SolutionGuid = {4BECAA93-3112-47A0-A8CC-DA8FC5A0CE5F}
	EndGlobalSection
EndGlobal
